{
  "name": "@nws/identity",
  "version": "1.0.0",
  "lockfileVersion": 1,
  "requires": true,
  "dependencies": {
    "@types/node": {
      "version": "15.12.5",
      "resolved": "https://registry.npmjs.org/@types/node/-/node-15.12.5.tgz",
      "integrity": "sha512-se3yX7UHv5Bscf8f1ERKvQOD6sTyycH3hdaoozvaLxgUiY5lIGEeH37AD0G0Qi9kPqihPn0HOfd2yaIEN9VwEg==",
      "dev": true
    },
    "the-big-username-blacklist": {
      "version": "1.5.2",
      "resolved": "https://registry.npmjs.org/the-big-username-blacklist/-/the-big-username-blacklist-1.5.2.tgz",
      "integrity": "sha512-bKRIZbu3AoDhEkjNcErodWLpR18vZQQqg9DEab/zELgGw++M1x0KBeTGdoEPHPw0ghmx1jf/B6kZKuwDDPhGBQ=="
    }
  }
}
